# THIS IS AN AUTOGENERATED FILE. DO NOT EDIT THIS FILE DIRECTLY.
# yarn lockfile v1


"@softwarefactory-project/re-gerrit@^0.1.0":
  version "0.1.0"
  resolved "https://registry.yarnpkg.com/@softwarefactory-project/re-gerrit/-/re-gerrit-0.1.0.tgz#3bc4050b1b90aabda5321aae6b24d8220fa009ed"
  integrity sha512-YuJNc5dzt8Xs8Hg1V7xy8o+WcIpKK2J9uSRLxxodXtmrWKUn0aMwAxekl5zLXHZS3rXpGevzBXrKjdLFgPo24Q==

bs-platform@^8.2.0:
  version "8.3.3"
  resolved "https://registry.yarnpkg.com/bs-platform/-/bs-platform-8.3.3.tgz#68e3796ad0607c55da0f45fe14c0ce0aaf69682c"
  integrity sha512-ayS5wdvrOX6PxU2wX7O2rLllzsQDzmGq582NNDFwfM6b9HQu7ki242Pc46o2/CnGHHumKVarpX0IZzjC2Llgcg==
